
Microsoft Visual Studio Solution File, Format Version 12.00
# Visual Studio Version 17
VisualStudioVersion = 17.5.002.0
MinimumVisualStudioVersion = 10.0.40219.1
Project("{2150E333-8FDC-42A3-9474-1A3956D46DE8}") = "csharp-prep", "csharp-prep", "{E982D49F-3C65-41A3-BA17-29E74E631C82}"
EndProject
Project("{9A19103F-16F7-4668-BE54-9A1E7A4F7556}") = "Prep1", "csharp-prep\Prep1\Prep1.csproj", "{F0730D7B-A1CB-4114-8B4B-F9F0B420361B}"
EndProject
Project("{9A19103F-16F7-4668-BE54-9A1E7A4F7556}") = "Prep2", "csharp-prep\Prep2\Prep2.csproj", "{29137080-3E0B-4A61-BC6A-3149DD535BE7}"
EndProject
Project("{9A19103F-16F7-4668-BE54-9A1E7A4F7556}") = "Prep3", "csharp-prep\Prep3\Prep3.csproj", "{FA8C68FC-0CEB-41D9-9B87-15AA1CF5A854}"
EndProject
Project("{9A19103F-16F7-4668-BE54-9A1E7A4F7556}") = "Prep4", "csharp-prep\Prep4\Prep4.csproj", "{C475A86B-012B-4E66-9EB4-59B4A7E36E42}"
EndProject
Project("{9A19103F-16F7-4668-BE54-9A1E7A4F7556}") = "Prep5", "csharp-prep\Prep5\Prep5.csproj", "{31A45681-83A5-45DD-99CC-83F048A10854}"
EndProject
Project("{2150E333-8FDC-42A3-9474-1A3956D46DE8}") = "final", "final", "{80F9494A-D239-4C95-8095-213CF7379EEE}"
EndProject
Project("{9A19103F-16F7-4668-BE54-9A1E7A4F7556}") = "FinalProject", "final\FinalProject\FinalProject.csproj", "{8E4EF2E9-2211-438A-9A92-950F9C175A20}"
EndProject
Project("{9A19103F-16F7-4668-BE54-9A1E7A4F7556}") = "Foundation1", "final\Foundation1\Foundation1.csproj", "{CA6D5066-09F0-492E-9F7C-615B7562C765}"
EndProject
Project("{9A19103F-16F7-4668-BE54-9A1E7A4F7556}") = "Foundation2", "final\Foundation2\Foundation2.csproj", "{80779D34-C017-4FB1-B704-4437615848E5}"
EndProject
Project("{9A19103F-16F7-4668-BE54-9A1E7A4F7556}") = "Foundation3", "final\Foundation3\Foundation3.csproj", "{D890EFD2-C622-4E44-9E39-22EF88D01998}"
EndProject
Project("{9A19103F-16F7-4668-BE54-9A1E7A4F7556}") = "Foundation4", "final\Foundation4\Foundation4.csproj", "{CF0AE1C3-2C50-41B8-937A-C856466B2DA5}"
EndProject
Project("{2150E333-8FDC-42A3-9474-1A3956D46DE8}") = "prepare", "prepare", "{5234C891-0CAE-430A-BBFC-C7D7AB56101D}"
EndProject
Project("{9A19103F-16F7-4668-BE54-9A1E7A4F7556}") = "Learning02", "prepare\Learning02\Learning02.csproj", "{2BB6D91D-3B6C-4FBD-BCC2-91820FCB4CA1}"
EndProject
Project("{9A19103F-16F7-4668-BE54-9A1E7A4F7556}") = "Learning03", "prepare\Learning03\Learning03.csproj", "{74C80D3C-ABB2-4869-AABC-0CEEEE640FA9}"
EndProject
Project("{9A19103F-16F7-4668-BE54-9A1E7A4F7556}") = "Learning04", "prepare\Learning04\Learning04.csproj", "{EFE7F1E4-7608-4EB2-A880-E3F43FF68CB4}"
EndProject
Project("{9A19103F-16F7-4668-BE54-9A1E7A4F7556}") = "Learning05", "prepare\Learning05\Learning05.csproj", "{E199D7B8-BEB5-43E9-881B-4B3A12172A99}"
EndProject
Project("{2150E333-8FDC-42A3-9474-1A3956D46DE8}") = "prove", "prove", "{237B3F4A-4D36-4D79-9CA8-58B8C33FAE3B}"
EndProject
Project("{9A19103F-16F7-4668-BE54-9A1E7A4F7556}") = "Develop02", "prove\Develop02\Develop02.csproj", "{C0229B2A-4628-4130-BE0B-92C8BCA39F06}"
EndProject
Project("{9A19103F-16F7-4668-BE54-9A1E7A4F7556}") = "Develop03", "prove\Develop03\Develop03.csproj", "{9C303610-7BE3-4F37-9CD9-1D9ADEC718AB}"
EndProject
Project("{9A19103F-16F7-4668-BE54-9A1E7A4F7556}") = "Develop04", "prove\Develop04\Develop04.csproj", "{78FBD4C6-4C51-43C8-97FD-D4315368735F}"
EndProject
Project("{9A19103F-16F7-4668-BE54-9A1E7A4F7556}") = "Develop05", "prove\Develop05\Develop05.csproj", "{500C0F79-43CC-482F-94B0-3092B1435EF3}"
EndProject
Project("{2150E333-8FDC-42A3-9474-1A3956D46DE8}") = "sandbox", "sandbox", "{9CBF3502-5665-4516-82BD-FC669446E54A}"
EndProject
Project("{9A19103F-16F7-4668-BE54-9A1E7A4F7556}") = "Sandbox", "sandbox\Sandbox\Sandbox.csproj", "{480546A0-F7F3-4751-9BF5-A63AA3DC0FDB}"
EndProject
Global
	GlobalSection(SolutionConfigurationPlatforms) = preSolution
		Debug|Any CPU = Debug|Any CPU
		Release|Any CPU = Release|Any CPU
	EndGlobalSection
	GlobalSection(ProjectConfigurationPlatforms) = postSolution
		{F0730D7B-A1CB-4114-8B4B-F9F0B420361B}.Debug|Any CPU.ActiveCfg = Debug|Any CPU
		{F0730D7B-A1CB-4114-8B4B-F9F0B420361B}.Debug|Any CPU.Build.0 = Debug|Any CPU
		{F0730D7B-A1CB-4114-8B4B-F9F0B420361B}.Release|Any CPU.ActiveCfg = Release|Any CPU
		{F0730D7B-A1CB-4114-8B4B-F9F0B420361B}.Release|Any CPU.Build.0 = Release|Any CPU
		{29137080-3E0B-4A61-BC6A-3149DD535BE7}.Debug|Any CPU.ActiveCfg = Debug|Any CPU
		{29137080-3E0B-4A61-BC6A-3149DD535BE7}.Debug|Any CPU.Build.0 = Debug|Any CPU
		{29137080-3E0B-4A61-BC6A-3149DD535BE7}.Release|Any CPU.ActiveCfg = Release|Any CPU
		{29137080-3E0B-4A61-BC6A-3149DD535BE7}.Release|Any CPU.Build.0 = Release|Any CPU
		{FA8C68FC-0CEB-41D9-9B87-15AA1CF5A854}.Debug|Any CPU.ActiveCfg = Debug|Any CPU
		{FA8C68FC-0CEB-41D9-9B87-15AA1CF5A854}.Debug|Any CPU.Build.0 = Debug|Any CPU
		{FA8C68FC-0CEB-41D9-9B87-15AA1CF5A854}.Release|Any CPU.ActiveCfg = Release|Any CPU
		{FA8C68FC-0CEB-41D9-9B87-15AA1CF5A854}.Release|Any CPU.Build.0 = Release|Any CPU
		{C475A86B-012B-4E66-9EB4-59B4A7E36E42}.Debug|Any CPU.ActiveCfg = Debug|Any CPU
		{C475A86B-012B-4E66-9EB4-59B4A7E36E42}.Debug|Any CPU.Build.0 = Debug|Any CPU
		{C475A86B-012B-4E66-9EB4-59B4A7E36E42}.Release|Any CPU.ActiveCfg = Release|Any CPU
		{C475A86B-012B-4E66-9EB4-59B4A7E36E42}.Release|Any CPU.Build.0 = Release|Any CPU
		{31A45681-83A5-45DD-99CC-83F048A10854}.Debug|Any CPU.ActiveCfg = Debug|Any CPU
		{31A45681-83A5-45DD-99CC-83F048A10854}.Debug|Any CPU.Build.0 = Debug|Any CPU
		{31A45681-83A5-45DD-99CC-83F048A10854}.Release|Any CPU.ActiveCfg = Release|Any CPU
		{31A45681-83A5-45DD-99CC-83F048A10854}.Release|Any CPU.Build.0 = Release|Any CPU
		{8E4EF2E9-2211-438A-9A92-950F9C175A20}.Debug|Any CPU.ActiveCfg = Debug|Any CPU
		{8E4EF2E9-2211-438A-9A92-950F9C175A20}.Debug|Any CPU.Build.0 = Debug|Any CPU
		{8E4EF2E9-2211-438A-9A92-950F9C175A20}.Release|Any CPU.ActiveCfg = Release|Any CPU
		{8E4EF2E9-2211-438A-9A92-950F9C175A20}.Release|Any CPU.Build.0 = Release|Any CPU
		{CA6D5066-09F0-492E-9F7C-615B7562C765}.Debug|Any CPU.ActiveCfg = Debug|Any CPU
		{CA6D5066-09F0-492E-9F7C-615B7562C765}.Debug|Any CPU.Build.0 = Debug|Any CPU
		{CA6D5066-09F0-492E-9F7C-615B7562C765}.Release|Any CPU.ActiveCfg = Release|Any CPU
		{CA6D5066-09F0-492E-9F7C-615B7562C765}.Release|Any CPU.Build.0 = Release|Any CPU
		{80779D34-C017-4FB1-B704-4437615848E5}.Debug|Any CPU.ActiveCfg = Debug|Any CPU
		{80779D34-C017-4FB1-B704-4437615848E5}.Debug|Any CPU.Build.0 = Debug|Any CPU
		{80779D34-C017-4FB1-B704-4437615848E5}.Release|Any CPU.ActiveCfg = Release|Any CPU
		{80779D34-C017-4FB1-B704-4437615848E5}.Release|Any CPU.Build.0 = Release|Any CPU
		{D890EFD2-C622-4E44-9E39-22EF88D01998}.Debug|Any CPU.ActiveCfg = Debug|Any CPU
		{D890EFD2-C622-4E44-9E39-22EF88D01998}.Debug|Any CPU.Build.0 = Debug|Any CPU
		{D890EFD2-C622-4E44-9E39-22EF88D01998}.Release|Any CPU.ActiveCfg = Release|Any CPU
		{D890EFD2-C622-4E44-9E39-22EF88D01998}.Release|Any CPU.Build.0 = Release|Any CPU
		{CF0AE1C3-2C50-41B8-937A-C856466B2DA5}.Debug|Any CPU.ActiveCfg = Debug|Any CPU
		{CF0AE1C3-2C50-41B8-937A-C856466B2DA5}.Debug|Any CPU.Build.0 = Debug|Any CPU
		{CF0AE1C3-2C50-41B8-937A-C856466B2DA5}.Release|Any CPU.ActiveCfg = Release|Any CPU
		{CF0AE1C3-2C50-41B8-937A-C856466B2DA5}.Release|Any CPU.Build.0 = Release|Any CPU
		{2BB6D91D-3B6C-4FBD-BCC2-91820FCB4CA1}.Debug|Any CPU.ActiveCfg = Debug|Any CPU
		{2BB6D91D-3B6C-4FBD-BCC2-91820FCB4CA1}.Debug|Any CPU.Build.0 = Debug|Any CPU
		{2BB6D91D-3B6C-4FBD-BCC2-91820FCB4CA1}.Release|Any CPU.ActiveCfg = Release|Any CPU
		{2BB6D91D-3B6C-4FBD-BCC2-91820FCB4CA1}.Release|Any CPU.Build.0 = Release|Any CPU
		{74C80D3C-ABB2-4869-AABC-0CEEEE640FA9}.Debug|Any CPU.ActiveCfg = Debug|Any CPU
		{74C80D3C-ABB2-4869-AABC-0CEEEE640FA9}.Debug|Any CPU.Build.0 = Debug|Any CPU
		{74C80D3C-ABB2-4869-AABC-0CEEEE640FA9}.Release|Any CPU.ActiveCfg = Release|Any CPU
		{74C80D3C-ABB2-4869-AABC-0CEEEE640FA9}.Release|Any CPU.Build.0 = Release|Any CPU
		{EFE7F1E4-7608-4EB2-A880-E3F43FF68CB4}.Debug|Any CPU.ActiveCfg = Debug|Any CPU
		{EFE7F1E4-7608-4EB2-A880-E3F43FF68CB4}.Debug|Any CPU.Build.0 = Debug|Any CPU
		{EFE7F1E4-7608-4EB2-A880-E3F43FF68CB4}.Release|Any CPU.ActiveCfg = Release|Any CPU
		{EFE7F1E4-7608-4EB2-A880-E3F43FF68CB4}.Release|Any CPU.Build.0 = Release|Any CPU
		{E199D7B8-BEB5-43E9-881B-4B3A12172A99}.Debug|Any CPU.ActiveCfg = Debug|Any CPU
		{E199D7B8-BEB5-43E9-881B-4B3A12172A99}.Debug|Any CPU.Build.0 = Debug|Any CPU
		{E199D7B8-BEB5-43E9-881B-4B3A12172A99}.Release|Any CPU.ActiveCfg = Release|Any CPU
		{E199D7B8-BEB5-43E9-881B-4B3A12172A99}.Release|Any CPU.Build.0 = Release|Any CPU
		{C0229B2A-4628-4130-BE0B-92C8BCA39F06}.Debug|Any CPU.ActiveCfg = Debug|Any CPU
		{C0229B2A-4628-4130-BE0B-92C8BCA39F06}.Debug|Any CPU.Build.0 = Debug|Any CPU
		{C0229B2A-4628-4130-BE0B-92C8BCA39F06}.Release|Any CPU.ActiveCfg = Release|Any CPU
		{C0229B2A-4628-4130-BE0B-92C8BCA39F06}.Release|Any CPU.Build.0 = Release|Any CPU
		{9C303610-7BE3-4F37-9CD9-1D9ADEC718AB}.Debug|Any CPU.ActiveCfg = Debug|Any CPU
		{9C303610-7BE3-4F37-9CD9-1D9ADEC718AB}.Debug|Any CPU.Build.0 = Debug|Any CPU
		{9C303610-7BE3-4F37-9CD9-1D9ADEC718AB}.Release|Any CPU.ActiveCfg = Release|Any CPU
		{9C303610-7BE3-4F37-9CD9-1D9ADEC718AB}.Release|Any CPU.Build.0 = Release|Any CPU
		{78FBD4C6-4C51-43C8-97FD-D4315368735F}.Debug|Any CPU.ActiveCfg = Debug|Any CPU
		{78FBD4C6-4C51-43C8-97FD-D4315368735F}.Debug|Any CPU.Build.0 = Debug|Any CPU
		{78FBD4C6-4C51-43C8-97FD-D4315368735F}.Release|Any CPU.ActiveCfg = Release|Any CPU
		{78FBD4C6-4C51-43C8-97FD-D4315368735F}.Release|Any CPU.Build.0 = Release|Any CPU
		{500C0F79-43CC-482F-94B0-3092B1435EF3}.Debug|Any CPU.ActiveCfg = Debug|Any CPU
		{500C0F79-43CC-482F-94B0-3092B1435EF3}.Debug|Any CPU.Build.0 = Debug|Any CPU
		{500C0F79-43CC-482F-94B0-3092B1435EF3}.Release|Any CPU.ActiveCfg = Release|Any CPU
		{500C0F79-43CC-482F-94B0-3092B1435EF3}.Release|Any CPU.Build.0 = Release|Any CPU
		{480546A0-F7F3-4751-9BF5-A63AA3DC0FDB}.Debug|Any CPU.ActiveCfg = Debug|Any CPU
		{480546A0-F7F3-4751-9BF5-A63AA3DC0FDB}.Debug|Any CPU.Build.0 = Debug|Any CPU
		{480546A0-F7F3-4751-9BF5-A63AA3DC0FDB}.Release|Any CPU.ActiveCfg = Release|Any CPU
		{480546A0-F7F3-4751-9BF5-A63AA3DC0FDB}.Release|Any CPU.Build.0 = Release|Any CPU
	EndGlobalSection
	GlobalSection(SolutionProperties) = preSolution
		HideSolutionNode = FALSE
	EndGlobalSection
	GlobalSection(NestedProjects) = preSolution
		{F0730D7B-A1CB-4114-8B4B-F9F0B420361B} = {E982D49F-3C65-41A3-BA17-29E74E631C82}
		{29137080-3E0B-4A61-BC6A-3149DD535BE7} = {E982D49F-3C65-41A3-BA17-29E74E631C82}
		{FA8C68FC-0CEB-41D9-9B87-15AA1CF5A854} = {E982D49F-3C65-41A3-BA17-29E74E631C82}
		{C475A86B-012B-4E66-9EB4-59B4A7E36E42} = {E982D49F-3C65-41A3-BA17-29E74E631C82}
		{31A45681-83A5-45DD-99CC-83F048A10854} = {E982D49F-3C65-41A3-BA17-29E74E631C82}
		{8E4EF2E9-2211-438A-9A92-950F9C175A20} = {80F9494A-D239-4C95-8095-213CF7379EEE}
		{CA6D5066-09F0-492E-9F7C-615B7562C765} = {80F9494A-D239-4C95-8095-213CF7379EEE}
		{80779D34-C017-4FB1-B704-4437615848E5} = {80F9494A-D239-4C95-8095-213CF7379EEE}
		{D890EFD2-C622-4E44-9E39-22EF88D01998} = {80F9494A-D239-4C95-8095-213CF7379EEE}
		{CF0AE1C3-2C50-41B8-937A-C856466B2DA5} = {80F9494A-D239-4C95-8095-213CF7379EEE}
		{2BB6D91D-3B6C-4FBD-BCC2-91820FCB4CA1} = {5234C891-0CAE-430A-BBFC-C7D7AB56101D}
		{74C80D3C-ABB2-4869-AABC-0CEEEE640FA9} = {5234C891-0CAE-430A-BBFC-C7D7AB56101D}
		{EFE7F1E4-7608-4EB2-A880-E3F43FF68CB4} = {5234C891-0CAE-430A-BBFC-C7D7AB56101D}
		{E199D7B8-BEB5-43E9-881B-4B3A12172A99} = {5234C891-0CAE-430A-BBFC-C7D7AB56101D}
		{C0229B2A-4628-4130-BE0B-92C8BCA39F06} = {237B3F4A-4D36-4D79-9CA8-58B8C33FAE3B}
		{9C303610-7BE3-4F37-9CD9-1D9ADEC718AB} = {237B3F4A-4D36-4D79-9CA8-58B8C33FAE3B}
		{78FBD4C6-4C51-43C8-97FD-D4315368735F} = {237B3F4A-4D36-4D79-9CA8-58B8C33FAE3B}
		{500C0F79-43CC-482F-94B0-3092B1435EF3} = {237B3F4A-4D36-4D79-9CA8-58B8C33FAE3B}
		{480546A0-F7F3-4751-9BF5-A63AA3DC0FDB} = {9CBF3502-5665-4516-82BD-FC669446E54A}
	EndGlobalSection
	GlobalSection(ExtensibilityGlobals) = postSolution
		SolutionGuid = {AA96749E-142E-49F1-8AEA-BE645EB96AD5}
	EndGlobalSection
EndGlobal
